{
  "name": "meriyah",
  "version": "0.1.0",
  "lockfileVersion": 1,
  "requires": true,
  "dependencies": {
    "tslib": {
      "version": "1.9.3",
      "resolved": "https://registry.npmjs.org/tslib/-/tslib-1.9.3.tgz",
      "integrity": "sha512-4krF8scpejhaOgqzBEcGM7yDIEfi0/8+8zDRZhNZZ2kjmHJ4hv3zCbQWxoJGz1iw5U0Jl0nma13xzHXcncMavQ=="
    },
    "unicode-12.0.0": {
      "version": "0.8.0",
      "resolved": "https://registry.npmjs.org/unicode-12.0.0/-/unicode-12.0.0-0.8.0.tgz",
      "integrity": "sha512-R4Ujg8RH29Tdilqlku3r4/D4CiTZldxlesA+2UBRa5gxEUAFba6o97QmFoMLPzHpPNRupaYq1HzU9LB0CPu2+A==",
      "dev": true
    }
  }
}
